
Microsoft Visual Studio Solution File, Format Version 12.00
# Visual Studio Version 17
VisualStudioVersion = 17.8.34511.84
MinimumVisualStudioVersion = 10.0.40219.1
Project("{9A19103F-16F7-4668-BE54-9A1E7A4F7556}") = "Productivity.Domain", "src\Productivity.Domain\Productivity.Domain.csproj", "{B18A3B8F-2989-4D80-AB96-48B3862FB062}"
EndProject
Project("{9A19103F-16F7-4668-BE54-9A1E7A4F7556}") = "Productivity.Application", "src\Productivity.Application\Productivity.Application.csproj", "{C51E57D0-2F59-47B5-86CF-D90CF4B1F2D3}"
EndProject
Project("{9A19103F-16F7-4668-BE54-9A1E7A4F7556}") = "Productivity.Infrastructure", "src\Productivity.Infrastructure\Productivity.Infrastructure.csproj", "{915E2B5B-FCA5-4351-91A5-A26EABECD29A}"
EndProject
Project("{9A19103F-16F7-4668-BE54-9A1E7A4F7556}") = "Productivity.Presentation", "src\Productivity.Presentation\Productivity.Presentation.csproj", "{D8DF2437-BD58-424C-BDC2-1A456798A2C2}"
EndProject
Project("{9A19103F-16F7-4668-BE54-9A1E7A4F7556}") = "Productivity.UnitTests", "tests\Productivity.UnitTests\Productivity.UnitTests.csproj", "{8DDF0D80-2E72-41E4-ADC8-51EBDF6D2FF4}"
EndProject
Project("{9A19103F-16F7-4668-BE54-9A1E7A4F7556}") = "Productivity.IntegrationTests", "tests\Productivity.IntegrationTests\Productivity.IntegrationTests.csproj", "{EA6F40FA-D462-44F6-A441-93F08B7B1732}"
EndProject
Global
	GlobalSection(SolutionConfigurationPlatforms) = preSolution
		Debug|Any CPU = Debug|Any CPU
		Release|Any CPU = Release|Any CPU
	EndGlobalSection
	GlobalSection(ProjectConfigurationPlatforms) = postSolution
		{B18A3B8F-2989-4D80-AB96-48B3862FB062}.Debug|Any CPU.ActiveCfg = Debug|Any CPU
		{B18A3B8F-2989-4D80-AB96-48B3862FB062}.Debug|Any CPU.Build.0 = Debug|Any CPU
		{B18A3B8F-2989-4D80-AB96-48B3862FB062}.Release|Any CPU.ActiveCfg = Release|Any CPU
		{B18A3B8F-2989-4D80-AB96-48B3862FB062}.Release|Any CPU.Build.0 = Release|Any CPU
		{C51E57D0-2F59-47B5-86CF-D90CF4B1F2D3}.Debug|Any CPU.ActiveCfg = Debug|Any CPU
		{C51E57D0-2F59-47B5-86CF-D90CF4B1F2D3}.Debug|Any CPU.Build.0 = Debug|Any CPU
		{C51E57D0-2F59-47B5-86CF-D90CF4B1F2D3}.Release|Any CPU.ActiveCfg = Release|Any CPU
		{C51E57D0-2F59-47B5-86CF-D90CF4B1F2D3}.Release|Any CPU.Build.0 = Release|Any CPU
		{915E2B5B-FCA5-4351-91A5-A26EABECD29A}.Debug|Any CPU.ActiveCfg = Debug|Any CPU
		{915E2B5B-FCA5-4351-91A5-A26EABECD29A}.Debug|Any CPU.Build.0 = Debug|Any CPU
		{915E2B5B-FCA5-4351-91A5-A26EABECD29A}.Release|Any CPU.ActiveCfg = Release|Any CPU
		{915E2B5B-FCA5-4351-91A5-A26EABECD29A}.Release|Any CPU.Build.0 = Release|Any CPU
		{D8DF2437-BD58-424C-BDC2-1A456798A2C2}.Debug|Any CPU.ActiveCfg = Debug|Any CPU
		{D8DF2437-BD58-424C-BDC2-1A456798A2C2}.Debug|Any CPU.Build.0 = Debug|Any CPU
		{D8DF2437-BD58-424C-BDC2-1A456798A2C2}.Release|Any CPU.ActiveCfg = Release|Any CPU
		{D8DF2437-BD58-424C-BDC2-1A456798A2C2}.Release|Any CPU.Build.0 = Release|Any CPU
		{8DDF0D80-2E72-41E4-ADC8-51EBDF6D2FF4}.Debug|Any CPU.ActiveCfg = Debug|Any CPU
		{8DDF0D80-2E72-41E4-ADC8-51EBDF6D2FF4}.Debug|Any CPU.Build.0 = Debug|Any CPU
		{8DDF0D80-2E72-41E4-ADC8-51EBDF6D2FF4}.Release|Any CPU.ActiveCfg = Release|Any CPU
		{8DDF0D80-2E72-41E4-ADC8-51EBDF6D2FF4}.Release|Any CPU.Build.0 = Release|Any CPU
		{EA6F40FA-D462-44F6-A441-93F08B7B1732}.Debug|Any CPU.ActiveCfg = Debug|Any CPU
		{EA6F40FA-D462-44F6-A441-93F08B7B1732}.Debug|Any CPU.Build.0 = Debug|Any CPU
		{EA6F40FA-D462-44F6-A441-93F08B7B1732}.Release|Any CPU.ActiveCfg = Release|Any CPU
		{EA6F40FA-D462-44F6-A441-93F08B7B1732}.Release|Any CPU.Build.0 = Release|Any CPU
	EndGlobalSection
	GlobalSection(SolutionProperties) = preSolution
		HideSolutionNode = FALSE
	EndGlobalSection
	GlobalSection(ExtensibilityGlobals) = postSolution
		        SolutionGuid = {F0204621-DA38-4752-A819-71E548BBCA26}
		SolutionGuid = {69212E9C-8BB0-493E-B97B-79957F76E9B9}
	EndGlobalSection
EndGlobal
